
Microsoft Visual Studio Solution File, Format Version 12.00
# Visual Studio Version 17
VisualStudioVersion = 17.12.35506.116
MinimumVisualStudioVersion = 10.0.40219.1
Project("{FAE04EC0-301F-11D3-BF4B-00C04F79EFBC}") = "LibCPU", "..\LibCPU\LibCPU.csproj", "{6E9906D7-1AF9-435F-98CC-D15CD5BAAA3E}"
EndProject
Project("{FAE04EC0-301F-11D3-BF4B-00C04F79EFBC}") = "Assembler", "..\Assembler\Assembler.csproj", "{6B2A486F-FBC8-5474-33CA-C126D97B0819}"
EndProject
Project("{FAE04EC0-301F-11D3-BF4B-00C04F79EFBC}") = "LibUtils", "LibUtils.csproj", "{156672F7-9A45-C414-1224-4B71F42075B3}"
EndProject
Global
	GlobalSection(SolutionConfigurationPlatforms) = preSolution
		Debug|Any CPU = Debug|Any CPU
		Release|Any CPU = Release|Any CPU
	EndGlobalSection
	GlobalSection(ProjectConfigurationPlatforms) = postSolution
		{6E9906D7-1AF9-435F-98CC-D15CD5BAAA3E}.Debug|Any CPU.ActiveCfg = Debug|Any CPU
		{6E9906D7-1AF9-435F-98CC-D15CD5BAAA3E}.Debug|Any CPU.Build.0 = Debug|Any CPU
		{6E9906D7-1AF9-435F-98CC-D15CD5BAAA3E}.Release|Any CPU.ActiveCfg = Release|Any CPU
		{6E9906D7-1AF9-435F-98CC-D15CD5BAAA3E}.Release|Any CPU.Build.0 = Release|Any CPU
		{6B2A486F-FBC8-5474-33CA-C126D97B0819}.Debug|Any CPU.ActiveCfg = Debug|Any CPU
		{6B2A486F-FBC8-5474-33CA-C126D97B0819}.Debug|Any CPU.Build.0 = Debug|Any CPU
		{6B2A486F-FBC8-5474-33CA-C126D97B0819}.Release|Any CPU.ActiveCfg = Release|Any CPU
		{6B2A486F-FBC8-5474-33CA-C126D97B0819}.Release|Any CPU.Build.0 = Release|Any CPU
		{156672F7-9A45-C414-1224-4B71F42075B3}.Debug|Any CPU.ActiveCfg = Debug|Any CPU
		{156672F7-9A45-C414-1224-4B71F42075B3}.Debug|Any CPU.Build.0 = Debug|Any CPU
		{156672F7-9A45-C414-1224-4B71F42075B3}.Release|Any CPU.ActiveCfg = Release|Any CPU
		{156672F7-9A45-C414-1224-4B71F42075B3}.Release|Any CPU.Build.0 = Release|Any CPU
	EndGlobalSection
	GlobalSection(SolutionProperties) = preSolution
		HideSolutionNode = FALSE
	EndGlobalSection
EndGlobal
